Microsoft Visual Studio Solution File, Format Version 12.00
# Visual Studio 15
VisualStudioVersion = 15.0.26730.12
MinimumVisualStudioVersion = 15.0.26124.0
Project("{2150E333-8FDC-42A3-9474-1A3956D46DE8}") = "src", "src", "{2612A9EE-83C7-4097-BCA6-326534433891}"
EndProject
Project("{9A19103F-16F7-4668-BE54-9A1E7A4F7556}") = "MyCommunity.Api", "src\MyCommunity.Api\MyCommunity.Api.csproj", "{343C9CCB-7EA3-4230-9548-8EC73214B1AB}"
EndProject
Project("{9A19103F-16F7-4668-BE54-9A1E7A4F7556}") = "MyCommunity.Services.Identity", "src\MyCommunity.Services.Identity\MyCommunity.Services.Identity.csproj", "{9285CA09-F0AC-4256-A33E-3CE88D9985D3}"
EndProject
Project("{9A19103F-16F7-4668-BE54-9A1E7A4F7556}") = "MyCommunity.Services.Activities", "src\MyCommunity.Services.Activities\MyCommunity.Services.Activities.csproj", "{8303D536-A064-489C-985B-3D4AEF8166E4}"
EndProject
Project("{9A19103F-16F7-4668-BE54-9A1E7A4F7556}") = "MyCommunity.Common", "src\MyCommunity.Common\MyCommunity.Common.csproj", "{A9C6E9DB-619C-4212-82C8-C819DD9CAE2D}"
EndProject
Project("{2150E333-8FDC-42A3-9474-1A3956D46DE8}") = "Tests", "Tests", "{72E45D6D-49F2-4659-BF2A-417B1CDCC562}"
EndProject
Project("{9A19103F-16F7-4668-BE54-9A1E7A4F7556}") = "MyCommunity.Api.Test", "tests\MyCommunity.Api.Test\MyCommunity.Api.Test.csproj", "{549B1E0A-E231-4550-BBBE-5EEF645F92D0}"
EndProject
Project("{9A19103F-16F7-4668-BE54-9A1E7A4F7556}") = "MyCommunity.Services.Activities.Test", "tests\MyCommunity.Services.Activities.Test\MyCommunity.Services.Activities.Test.csproj", "{FB81290F-4061-4BB6-91A1-B40BD2DC988D}"
EndProject
Project("{9A19103F-16F7-4668-BE54-9A1E7A4F7556}") = "MyCommunity.Services.Identity.Test", "tests\MyCommunity.Services.Identity.Test\MyCommunity.Services.Identity.Test.csproj", "{F5239654-5B66-490C-BA0E-07247B372617}"
EndProject
Project("{E53339B2-1760-4266-BCC7-CA923CBCF16C}") = "docker-compose", "docker-compose.dcproj", "{F6AFF0C4-10E6-454C-BFA9-F981B55C421F}"
EndProject
Global
	GlobalSection(SolutionConfigurationPlatforms) = preSolution
		Debug|Any CPU = Debug|Any CPU
		Debug|x64 = Debug|x64
		Debug|x86 = Debug|x86
		Release|Any CPU = Release|Any CPU
		Release|x64 = Release|x64
		Release|x86 = Release|x86
	EndGlobalSection
	GlobalSection(ProjectConfigurationPlatforms) = postSolution
		{343C9CCB-7EA3-4230-9548-8EC73214B1AB}.Debug|Any CPU.ActiveCfg = Debug|Any CPU
		{343C9CCB-7EA3-4230-9548-8EC73214B1AB}.Debug|Any CPU.Build.0 = Debug|Any CPU
		{343C9CCB-7EA3-4230-9548-8EC73214B1AB}.Debug|x64.ActiveCfg = Debug|Any CPU
		{343C9CCB-7EA3-4230-9548-8EC73214B1AB}.Debug|x64.Build.0 = Debug|Any CPU
		{343C9CCB-7EA3-4230-9548-8EC73214B1AB}.Debug|x86.ActiveCfg = Debug|Any CPU
		{343C9CCB-7EA3-4230-9548-8EC73214B1AB}.Debug|x86.Build.0 = Debug|Any CPU
		{343C9CCB-7EA3-4230-9548-8EC73214B1AB}.Release|Any CPU.ActiveCfg = Release|Any CPU
		{343C9CCB-7EA3-4230-9548-8EC73214B1AB}.Release|Any CPU.Build.0 = Release|Any CPU
		{343C9CCB-7EA3-4230-9548-8EC73214B1AB}.Release|x64.ActiveCfg = Release|Any CPU
		{343C9CCB-7EA3-4230-9548-8EC73214B1AB}.Release|x64.Build.0 = Release|Any CPU
		{343C9CCB-7EA3-4230-9548-8EC73214B1AB}.Release|x86.ActiveCfg = Release|Any CPU
		{343C9CCB-7EA3-4230-9548-8EC73214B1AB}.Release|x86.Build.0 = Release|Any CPU
		{9285CA09-F0AC-4256-A33E-3CE88D9985D3}.Debug|Any CPU.ActiveCfg = Debug|Any CPU
		{9285CA09-F0AC-4256-A33E-3CE88D9985D3}.Debug|Any CPU.Build.0 = Debug|Any CPU
		{9285CA09-F0AC-4256-A33E-3CE88D9985D3}.Debug|x64.ActiveCfg = Debug|Any CPU
		{9285CA09-F0AC-4256-A33E-3CE88D9985D3}.Debug|x64.Build.0 = Debug|Any CPU
		{9285CA09-F0AC-4256-A33E-3CE88D9985D3}.Debug|x86.ActiveCfg = Debug|Any CPU
		{9285CA09-F0AC-4256-A33E-3CE88D9985D3}.Debug|x86.Build.0 = Debug|Any CPU
		{9285CA09-F0AC-4256-A33E-3CE88D9985D3}.Release|Any CPU.ActiveCfg = Release|Any CPU
		{9285CA09-F0AC-4256-A33E-3CE88D9985D3}.Release|Any CPU.Build.0 = Release|Any CPU
		{9285CA09-F0AC-4256-A33E-3CE88D9985D3}.Release|x64.ActiveCfg = Release|Any CPU
		{9285CA09-F0AC-4256-A33E-3CE88D9985D3}.Release|x64.Build.0 = Release|Any CPU
		{9285CA09-F0AC-4256-A33E-3CE88D9985D3}.Release|x86.ActiveCfg = Release|Any CPU
		{9285CA09-F0AC-4256-A33E-3CE88D9985D3}.Release|x86.Build.0 = Release|Any CPU
		{8303D536-A064-489C-985B-3D4AEF8166E4}.Debug|Any CPU.ActiveCfg = Debug|Any CPU
		{8303D536-A064-489C-985B-3D4AEF8166E4}.Debug|Any CPU.Build.0 = Debug|Any CPU
		{8303D536-A064-489C-985B-3D4AEF8166E4}.Debug|x64.ActiveCfg = Debug|Any CPU
		{8303D536-A064-489C-985B-3D4AEF8166E4}.Debug|x64.Build.0 = Debug|Any CPU
		{8303D536-A064-489C-985B-3D4AEF8166E4}.Debug|x86.ActiveCfg = Debug|Any CPU
		{8303D536-A064-489C-985B-3D4AEF8166E4}.Debug|x86.Build.0 = Debug|Any CPU
		{8303D536-A064-489C-985B-3D4AEF8166E4}.Release|Any CPU.ActiveCfg = Release|Any CPU
		{8303D536-A064-489C-985B-3D4AEF8166E4}.Release|Any CPU.Build.0 = Release|Any CPU
		{8303D536-A064-489C-985B-3D4AEF8166E4}.Release|x64.ActiveCfg = Release|Any CPU
		{8303D536-A064-489C-985B-3D4AEF8166E4}.Release|x64.Build.0 = Release|Any CPU
		{8303D536-A064-489C-985B-3D4AEF8166E4}.Release|x86.ActiveCfg = Release|Any CPU
		{8303D536-A064-489C-985B-3D4AEF8166E4}.Release|x86.Build.0 = Release|Any CPU
		{A9C6E9DB-619C-4212-82C8-C819DD9CAE2D}.Debug|Any CPU.ActiveCfg = Debug|Any CPU
		{A9C6E9DB-619C-4212-82C8-C819DD9CAE2D}.Debug|Any CPU.Build.0 = Debug|Any CPU
		{A9C6E9DB-619C-4212-82C8-C819DD9CAE2D}.Debug|x64.ActiveCfg = Debug|Any CPU
		{A9C6E9DB-619C-4212-82C8-C819DD9CAE2D}.Debug|x64.Build.0 = Debug|Any CPU
		{A9C6E9DB-619C-4212-82C8-C819DD9CAE2D}.Debug|x86.ActiveCfg = Debug|Any CPU
		{A9C6E9DB-619C-4212-82C8-C819DD9CAE2D}.Debug|x86.Build.0 = Debug|Any CPU
		{A9C6E9DB-619C-4212-82C8-C819DD9CAE2D}.Release|Any CPU.ActiveCfg = Release|Any CPU
		{A9C6E9DB-619C-4212-82C8-C819DD9CAE2D}.Release|Any CPU.Build.0 = Release|Any CPU
		{A9C6E9DB-619C-4212-82C8-C819DD9CAE2D}.Release|x64.ActiveCfg = Release|Any CPU
		{A9C6E9DB-619C-4212-82C8-C819DD9CAE2D}.Release|x64.Build.0 = Release|Any CPU
		{A9C6E9DB-619C-4212-82C8-C819DD9CAE2D}.Release|x86.ActiveCfg = Release|Any CPU
		{A9C6E9DB-619C-4212-82C8-C819DD9CAE2D}.Release|x86.Build.0 = Release|Any CPU
		{549B1E0A-E231-4550-BBBE-5EEF645F92D0}.Debug|Any CPU.ActiveCfg = Debug|Any CPU
		{549B1E0A-E231-4550-BBBE-5EEF645F92D0}.Debug|Any CPU.Build.0 = Debug|Any CPU
		{549B1E0A-E231-4550-BBBE-5EEF645F92D0}.Debug|x64.ActiveCfg = Debug|Any CPU
		{549B1E0A-E231-4550-BBBE-5EEF645F92D0}.Debug|x64.Build.0 = Debug|Any CPU
		{549B1E0A-E231-4550-BBBE-5EEF645F92D0}.Debug|x86.ActiveCfg = Debug|Any CPU
		{549B1E0A-E231-4550-BBBE-5EEF645F92D0}.Debug|x86.Build.0 = Debug|Any CPU
		{549B1E0A-E231-4550-BBBE-5EEF645F92D0}.Release|Any CPU.ActiveCfg = Release|Any CPU
		{549B1E0A-E231-4550-BBBE-5EEF645F92D0}.Release|Any CPU.Build.0 = Release|Any CPU
		{549B1E0A-E231-4550-BBBE-5EEF645F92D0}.Release|x64.ActiveCfg = Release|Any CPU
		{549B1E0A-E231-4550-BBBE-5EEF645F92D0}.Release|x64.Build.0 = Release|Any CPU
		{549B1E0A-E231-4550-BBBE-5EEF645F92D0}.Release|x86.ActiveCfg = Release|Any CPU
		{549B1E0A-E231-4550-BBBE-5EEF645F92D0}.Release|x86.Build.0 = Release|Any CPU
		{FB81290F-4061-4BB6-91A1-B40BD2DC988D}.Debug|Any CPU.ActiveCfg = Debug|Any CPU
		{FB81290F-4061-4BB6-91A1-B40BD2DC988D}.Debug|Any CPU.Build.0 = Debug|Any CPU
		{FB81290F-4061-4BB6-91A1-B40BD2DC988D}.Debug|x64.ActiveCfg = Debug|Any CPU
		{FB81290F-4061-4BB6-91A1-B40BD2DC988D}.Debug|x64.Build.0 = Debug|Any CPU
		{FB81290F-4061-4BB6-91A1-B40BD2DC988D}.Debug|x86.ActiveCfg = Debug|Any CPU
		{FB81290F-4061-4BB6-91A1-B40BD2DC988D}.Debug|x86.Build.0 = Debug|Any CPU
		{FB81290F-4061-4BB6-91A1-B40BD2DC988D}.Release|Any CPU.ActiveCfg = Release|Any CPU
		{FB81290F-4061-4BB6-91A1-B40BD2DC988D}.Release|Any CPU.Build.0 = Release|Any CPU
		{FB81290F-4061-4BB6-91A1-B40BD2DC988D}.Release|x64.ActiveCfg = Release|Any CPU
		{FB81290F-4061-4BB6-91A1-B40BD2DC988D}.Release|x64.Build.0 = Release|Any CPU
		{FB81290F-4061-4BB6-91A1-B40BD2DC988D}.Release|x86.ActiveCfg = Release|Any CPU
		{FB81290F-4061-4BB6-91A1-B40BD2DC988D}.Release|x86.Build.0 = Release|Any CPU
		{F5239654-5B66-490C-BA0E-07247B372617}.Debug|Any CPU.ActiveCfg = Debug|Any CPU
		{F5239654-5B66-490C-BA0E-07247B372617}.Debug|Any CPU.Build.0 = Debug|Any CPU
		{F5239654-5B66-490C-BA0E-07247B372617}.Debug|x64.ActiveCfg = Debug|Any CPU
		{F5239654-5B66-490C-BA0E-07247B372617}.Debug|x64.Build.0 = Debug|Any CPU
		{F5239654-5B66-490C-BA0E-07247B372617}.Debug|x86.ActiveCfg = Debug|Any CPU
		{F5239654-5B66-490C-BA0E-07247B372617}.Debug|x86.Build.0 = Debug|Any CPU
		{F5239654-5B66-490C-BA0E-07247B372617}.Release|Any CPU.ActiveCfg = Release|Any CPU
		{F5239654-5B66-490C-BA0E-07247B372617}.Release|Any CPU.Build.0 = Release|Any CPU
		{F5239654-5B66-490C-BA0E-07247B372617}.Release|x64.ActiveCfg = Release|Any CPU
		{F5239654-5B66-490C-BA0E-07247B372617}.Release|x64.Build.0 = Release|Any CPU
		{F5239654-5B66-490C-BA0E-07247B372617}.Release|x86.ActiveCfg = Release|Any CPU
		{F5239654-5B66-490C-BA0E-07247B372617}.Release|x86.Build.0 = Release|Any CPU
		{F6AFF0C4-10E6-454C-BFA9-F981B55C421F}.Debug|Any CPU.ActiveCfg = Debug|Any CPU
		{F6AFF0C4-10E6-454C-BFA9-F981B55C421F}.Debug|Any CPU.Build.0 = Debug|Any CPU
		{F6AFF0C4-10E6-454C-BFA9-F981B55C421F}.Debug|x64.ActiveCfg = Debug|Any CPU
		{F6AFF0C4-10E6-454C-BFA9-F981B55C421F}.Debug|x64.Build.0 = Debug|Any CPU
		{F6AFF0C4-10E6-454C-BFA9-F981B55C421F}.Debug|x86.ActiveCfg = Debug|Any CPU
		{F6AFF0C4-10E6-454C-BFA9-F981B55C421F}.Debug|x86.Build.0 = Debug|Any CPU
		{F6AFF0C4-10E6-454C-BFA9-F981B55C421F}.Release|Any CPU.ActiveCfg = Release|Any CPU
		{F6AFF0C4-10E6-454C-BFA9-F981B55C421F}.Release|Any CPU.Build.0 = Release|Any CPU
		{F6AFF0C4-10E6-454C-BFA9-F981B55C421F}.Release|x64.ActiveCfg = Release|Any CPU
		{F6AFF0C4-10E6-454C-BFA9-F981B55C421F}.Release|x64.Build.0 = Release|Any CPU
		{F6AFF0C4-10E6-454C-BFA9-F981B55C421F}.Release|x86.ActiveCfg = Release|Any CPU
		{F6AFF0C4-10E6-454C-BFA9-F981B55C421F}.Release|x86.Build.0 = Release|Any CPU
	EndGlobalSection
	GlobalSection(SolutionProperties) = preSolution
		HideSolutionNode = FALSE
	EndGlobalSection
	GlobalSection(NestedProjects) = preSolution
		{343C9CCB-7EA3-4230-9548-8EC73214B1AB} = {2612A9EE-83C7-4097-BCA6-326534433891}
		{9285CA09-F0AC-4256-A33E-3CE88D9985D3} = {2612A9EE-83C7-4097-BCA6-326534433891}
		{8303D536-A064-489C-985B-3D4AEF8166E4} = {2612A9EE-83C7-4097-BCA6-326534433891}
		{A9C6E9DB-619C-4212-82C8-C819DD9CAE2D} = {2612A9EE-83C7-4097-BCA6-326534433891}
		{549B1E0A-E231-4550-BBBE-5EEF645F92D0} = {72E45D6D-49F2-4659-BF2A-417B1CDCC562}
		{FB81290F-4061-4BB6-91A1-B40BD2DC988D} = {72E45D6D-49F2-4659-BF2A-417B1CDCC562}
		{F5239654-5B66-490C-BA0E-07247B372617} = {72E45D6D-49F2-4659-BF2A-417B1CDCC562}
	EndGlobalSection
	GlobalSection(ExtensibilityGlobals) = postSolution
		SolutionGuid = {A1EF3D28-0AFC-4C3C-BFB0-97A2B22D5EF6}
	EndGlobalSection
EndGlobal
